---
lockfileVersion: '9.0'

importers:

  .:
    configDependencies: {}
    packageManagerDependencies:
      '@pnpm/exe':
        specifier: 11.9.0
        version: 11.9.0
      pnpm:
        specifier: 11.9.0
        version: 11.9.0

packages:

  '@pnpm/exe@11.9.0':
    resolution: {integrity: sha512-pPPOpR79qW3nsNhlyDIdfstli4Bi78mk8r22ySxpFRwMbO8KXSjGrVzGmJBsVX39NnJTh7/WADj527nZhG9H9g==}
    hasBin: true

  '@pnpm/linux-arm64@11.9.0':
    resolution: {integrity: sha512-XYmY2qadHauBA3QaHi2R7fI6kt5Flje0WHz9MVrbH0kVH/XLpfOLnwPeE1+EX6K/nDa2CBvzp35VjYCNGFJa9A==}
    cpu: [arm64]
    os: [linux]

  '@pnpm/linux-x64@11.9.0':
    resolution: {integrity: sha512-fl7W5imnSmmgXIqMQFZ/rPaVvk9OkKF8/anqHZE3XEDfWcn3BlWGndyOEas/JN7u2BXWYjs63DJZ3rnG6WOhLA==}
    cpu: [x64]
    os: [linux]

  '@pnpm/linuxstatic-arm64@11.9.0':
    resolution: {integrity: sha512-fif8xbnzVEAIlvaU4yIgWKXeXYb4Kj6WMEl/KvM2x1Rp3AKAjBW/53SGzxO4cZP9doAqUzOIpMRGFVbHGeMDRw==}
    cpu: [arm64]
    os: [linux]
    libc: [musl]

  '@pnpm/linuxstatic-x64@11.9.0':
    resolution: {integrity: sha512-9dKu3QdShqOpnWrjW9owARpIJeP0ul8UgIIbBUv8VDGEYibt+g49zQsNaD7SdMD3WeRSjExPQ1zIhplzr5cwvQ==}
    cpu: [x64]
    os: [linux]
    libc: [musl]

  '@pnpm/macos-arm64@11.9.0':
    resolution: {integrity: sha512-MWzBTgeI5p3odjdVltYvFXaSWAjF2Xk5YaxiP/u2RmW8N6PHsLyIyj37Ds992CrXgFM8fO1RpvsEirozhsD6KA==}
    cpu: [arm64]
    os: [darwin]

  '@pnpm/win-arm64@11.9.0':
    resolution: {integrity: sha512-u/QxEcbKJZxC1t3zUYCZiHzu7TaZ/iXc6EGZoQjkeVT0LXmEVR6ypcK3ByjhIqbxQ3HGX75gnpIpR+VjRjubfw==}
    cpu: [arm64]
    os: [win32]

  '@pnpm/win-x64@11.9.0':
    resolution: {integrity: sha512-HqJVHmZG5UKfLi38AjMl2azVmq87TlWRhwSW+f4q9LLaZeAkFyIZ7LY/pN6mh4VlH9yWj90C+tsb1yKiy7OKnw==}
    cpu: [x64]
    os: [win32]

  '@reflink/reflink-darwin-arm64@0.1.19':
    resolution: {integrity: sha512-ruy44Lpepdk1FqDz38vExBY/PVUsjxZA+chd9wozjUH9JjuDT/HEaQYA6wYN9mf041l0yLVar6BCZuWABJvHSA==}
    engines: {node: '>= 10'}
    cpu: [arm64]
    os: [darwin]

  '@reflink/reflink-darwin-x64@0.1.19':
    resolution: {integrity: sha512-By85MSWrMZa+c26TcnAy8SDk0sTUkYlNnwknSchkhHpGXOtjNDUOxJE9oByBnGbeuIE1PiQsxDG3Ud+IVV9yuA==}
    engines: {node: '>= 10'}
    cpu: [x64]
    os: [darwin]

  '@reflink/reflink-linux-arm64-gnu@0.1.19':
    resolution: {integrity: sha512-7P+er8+rP9iNeN+bfmccM4hTAaLP6PQJPKWSA4iSk2bNvo6KU6RyPgYeHxXmzNKzPVRcypZQTpFgstHam6maVg==}
    engines: {node: '>= 10'}
    cpu: [arm64]
    os: [linux]
    libc: [glibc]

  '@reflink/reflink-linux-arm64-musl@0.1.19':
    resolution: {integrity: sha512-37iO/Dp6m5DDaC2sf3zPtx/hl9FV3Xze4xoYidrxxS9bgP3S8ALroxRK6xBG/1TtfXKTvolvp+IjrUU6ujIGmA==}
    engines: {node: '>= 10'}
    cpu: [arm64]
    os: [linux]
    libc: [musl]

  '@reflink/reflink-linux-x64-gnu@0.1.19':
    resolution: {integrity: sha512-jbI8jvuYCaA3MVUdu8vLoLAFqC+iNMpiSuLbxlAgg7x3K5bsS8nOpTRnkLF7vISJ+rVR8W+7ThXlXlUQ93ulkw==}
    engines: {node: '>= 10'}
    cpu: [x64]
    os: [linux]
    libc: [glibc]

  '@reflink/reflink-linux-x64-musl@0.1.19':
    resolution: {integrity: sha512-e9FBWDe+lv7QKAwtKOt6A2W/fyy/aEEfr0g6j/hWzvQcrzHCsz07BNQYlNOjTfeytrtLU7k449H1PI95jA4OjQ==}
    engines: {node: '>= 10'}
    cpu: [x64]
    os: [linux]
    libc: [musl]

  '@reflink/reflink-win32-arm64-msvc@0.1.19':
    resolution: {integrity: sha512-09PxnVIQcd+UOn4WAW73WU6PXL7DwGS6wPlkMhMg2zlHHG65F3vHepOw06HFCq+N42qkaNAc8AKIabWvtk6cIQ==}
    engines: {node: '>= 10'}
    cpu: [arm64]
    os: [win32]

  '@reflink/reflink-win32-x64-msvc@0.1.19':
    resolution: {integrity: sha512-E//yT4ni2SyhwP8JRjVGWr3cbnhWDiPLgnQ66qqaanjjnMiu3O/2tjCPQXlcGc/DEYofpDc9fvhv6tALQsMV9w==}
    engines: {node: '>= 10'}
    cpu: [x64]
    os: [win32]

  '@reflink/reflink@0.1.19':
    resolution: {integrity: sha512-DmCG8GzysnCZ15bres3N5AHCmwBwYgp0As6xjhQ47rAUTUXxJiK+lLUxaGsX3hd/30qUpVElh05PbGuxRPgJwA==}
    engines: {node: '>= 10'}

  detect-libc@2.1.2:
    resolution: {integrity: sha512-Btj2BOOO83o3WyH59e8MgXsxEQVcarkUOpEYrubB0urwnN10yQ364rsiByU11nZlqWYZm05i/of7io4mzihBtQ==}
    engines: {node: '>=8'}

  pnpm@11.9.0:
    resolution: {integrity: sha512-vWgtXQP+Ul73yf1ngMaITR51asTJyf4AxTh4KCQxDc+Q493E9Tg18G3669UIXkGFXgvLs7YN4qxburieUDbwOw==}
    engines: {node: '>=22.13'}
    hasBin: true

snapshots:

  '@pnpm/exe@11.9.0':
    dependencies:
      '@reflink/reflink': 0.1.19
      detect-libc: 2.1.2
    optionalDependencies:
      '@pnpm/linux-arm64': 11.9.0
      '@pnpm/linux-x64': 11.9.0
      '@pnpm/linuxstatic-arm64': 11.9.0
      '@pnpm/linuxstatic-x64': 11.9.0
      '@pnpm/macos-arm64': 11.9.0
      '@pnpm/win-arm64': 11.9.0
      '@pnpm/win-x64': 11.9.0

  '@pnpm/linux-arm64@11.9.0':
    optional: true

  '@pnpm/linux-x64@11.9.0':
    optional: true

  '@pnpm/linuxstatic-arm64@11.9.0':
    optional: true

  '@pnpm/linuxstatic-x64@11.9.0':
    optional: true

  '@pnpm/macos-arm64@11.9.0':
    optional: true

  '@pnpm/win-arm64@11.9.0':
    optional: true

  '@pnpm/win-x64@11.9.0':
    optional: true

  '@reflink/reflink-darwin-arm64@0.1.19':
    optional: true

  '@reflink/reflink-darwin-x64@0.1.19':
    optional: true

  '@reflink/reflink-linux-arm64-gnu@0.1.19':
    optional: true

  '@reflink/reflink-linux-arm64-musl@0.1.19':
    optional: true

  '@reflink/reflink-linux-x64-gnu@0.1.19':
    optional: true

  '@reflink/reflink-linux-x64-musl@0.1.19':
    optional: true

  '@reflink/reflink-win32-arm64-msvc@0.1.19':
    optional: true

  '@reflink/reflink-win32-x64-msvc@0.1.19':
    optional: true

  '@reflink/reflink@0.1.19':
    optionalDependencies:
      '@reflink/reflink-darwin-arm64': 0.1.19
      '@reflink/reflink-darwin-x64': 0.1.19
      '@reflink/reflink-linux-arm64-gnu': 0.1.19
      '@reflink/reflink-linux-arm64-musl': 0.1.19
      '@reflink/reflink-linux-x64-gnu': 0.1.19
      '@reflink/reflink-linux-x64-musl': 0.1.19
      '@reflink/reflink-win32-arm64-msvc': 0.1.19
      '@reflink/reflink-win32-x64-msvc': 0.1.19

  detect-libc@2.1.2: {}

  pnpm@11.9.0: {}

---
lockfileVersion: '9.0'

settings:
  autoInstallPeers: true
  excludeLinksFromLockfile: false

importers:

  .:
    devDependencies:
      '@azohra/meteo.forecast':
        specifier: 0.3.1
        version: 0.3.1

packages:

  '@azohra/meteo.briefing@0.4.0':
    resolution: {integrity: sha512-3lAxPJnPAzsytNPLakPXIFM+jHfAaT/U4HTauwzz4JKxEaRxwKEqMt8wa03/Oaco46aBzkmPqGM84r+gi46TLQ==}
    engines: {node: '>=22'}

  '@azohra/meteo.core@0.1.1':
    resolution: {integrity: sha512-zFhE0bqBl9qB46B2322ZHEYNobjP6KJhz7REJEhNUN7uxPd3omvWRUaphFysf3po6wBB2fheGVEGBLNXL2hSsQ==}
    engines: {node: '>=22'}

  '@azohra/meteo.forecast@0.3.1':
    resolution: {integrity: sha512-O4R5zn79cpuh9rdMPRFwfauZWZ8T7u8mO5OIyDKt2e1UYbdhQabSE7ltqHgwco9NO54K4WEn0CVL4Xi6zltmBQ==}
    engines: {node: '>=22'}
    hasBin: true

  '@azohra/meteo.grib@0.1.3':
    resolution: {integrity: sha512-oRIm2ZSuiZ4mUuqXA9qu/v4THJO4Nxsm5j34he8u47PmAbUVDhb9L47Pm7WISH6sffJ288Xi8/6enn8Az+K0ig==}
    engines: {node: '>=22'}

  '@azohra/meteo.j2k@0.1.1':
    resolution: {integrity: sha512-qir0sKcZNC3fRvAQSQfV+50zvBY5LsqHY/PULaaSSnyjBY66S9yWr5MGFCmDhJgiX3m9ZBuUoS0tQSrGuRBI6w==}
    engines: {node: '>=22'}

  '@cornerstonejs/codec-openjpeg@1.3.1':
    resolution: {integrity: sha512-4j4iCoQtnIUSyDAqpHWcOrWe4aTgQ87ujUoXYt4zA44qoUGbG21odtaeLF9jj4/zbKDXEWgJuNATZhmUeHbV0Q==}
    engines: {node: '>=0.14'}

  '@petamoriken/float16@3.9.3':
    resolution: {integrity: sha512-8awtpHXCx/bNpFt4mt2xdkgtgVvKqty8VbjHI/WWWQuEw+KLzFot3f4+LkQY9YmOtq7A5GdOnqoIC8Pdygjk2g==}

  ajv@8.20.0:
    resolution: {integrity: sha512-Thbli+OlOj+iMPYFBVBfJ3OmCAnaSyNn4M1vz9T6Gka5Jt9ba/HIR56joy65tY6kx/FCF5VXNB819Y7/GUrBGA==}

  aws4fetch@1.0.20:
    resolution: {integrity: sha512-/djoAN709iY65ETD6LKCtyyEI04XIBP5xVvfmNxsEP0uJB5tyaGBztSryRr4HqMStr9R06PisQE7m9zDTXKu6g==}

  fast-deep-equal@3.1.3:
    resolution: {integrity: sha512-f3qQ9oQy9j2AhBe/H9VC91wLmKBCCU/gDOnKNAYG5hswO7BLKj09Hc5HYNz9cGI++xlpDCIgDaitVs03ATR84Q==}

  fast-uri@3.1.5:
    resolution: {integrity: sha512-gHwA1O9LDIcKunMKhObS/HimwtehO1nPUECKAu5TpKgaO19fcWEl4bliWe1jWxVFvIXztJjjQ4L8XQ1EU9f7Jw==}

  geotiff@3.0.5:
    resolution: {integrity: sha512-OWcL9S9+yDZ6iAlXMt32T1iwUApJM8UiD47xbm6ZP1h33d10fqkPs14EG/ttT5EnefpZSx3G15iDFC5FxUNUwA==}
    engines: {node: '>=10.19'}

  h5wasm@0.10.3:
    resolution: {integrity: sha512-W4Jy5ExtX/VNbyD8GdOBckDuj6AL16TemppVNxZsV3rJZEWCv2sxlCzOttZLer3zkMttbDYsWHl0qt1z3Bln+Q==}

  json-schema-traverse@1.0.0:
    resolution: {integrity: sha512-NM8/P9n3XjXhIZn1lLhkFaACTOURQXjWhV4BA/RnOv8xvgqtqpAX9IO4mRQxSx1Rlo4tqzeqb0sOlruaOy3dug==}

  lerc@3.0.0:
    resolution: {integrity: sha512-Rm4J/WaHhRa93nCN2mwWDZFoRVF18G1f47C+kvQWyHGEZxFpTUi73p7lMVSAndyxGt6lJ2/CFbOcf9ra5p8aww==}

  mgrs@1.0.0:
    resolution: {integrity: sha512-awNbTOqCxK1DBGjalK3xqWIstBZgN6fxsMSiXLs9/spqWkF2pAhb2rrYCFSsr1/tT7PhcDGjZndG8SWYn0byYA==}

  pako@2.2.0:
    resolution: {integrity: sha512-zJq6RP/5q+TO2OpFV3FHzlPnFjmkb7Nc99a5SNjJE+uu/PkpChs+NIZSSzbBoD+6kjiISXjfYdwj1ZRQ81dz/w==}

  parse-headers@2.0.6:
    resolution: {integrity: sha512-Tz11t3uKztEW5FEVZnj1ox8GKblWn+PvHY9TmJV5Mll2uHEwRdR/5Li1OlXoECjLYkApdhWy44ocONwXLiKO5A==}

  proj4@2.21.0:
    resolution: {integrity: sha512-33HfDftqw8kY+Cl1dcL16SJuqTSzYxmz4re7Nmhk+fs1/N1fFrAkkF579msQTR/4fLeJVSNne8/gpoCz0fk1uw==}
    peerDependencies:
      geotiff: '*'
    peerDependenciesMeta:
      geotiff:
        optional: true

  quick-lru@6.1.2:
    resolution: {integrity: sha512-AAFUA5O1d83pIHEhJwWCq/RQcRukCkn/NSm2QsTEMle5f2hP0ChI2+3Xb051PZCkLryI/Ir1MVKviT2FIloaTQ==}
    engines: {node: '>=12'}

  require-from-string@2.0.2:
    resolution: {integrity: sha512-Xf0nWe6RseziFMu+Ap9biiUbmplq6S9/p+7w7YXP/JBHhrUDDUhwa+vANyubuqfZWTveU//DYVGsDG7RKL/vEw==}
    engines: {node: '>=0.10.0'}

  web-worker@1.5.0:
    resolution: {integrity: sha512-RiMReJrTAiA+mBjGONMnjVDP2u3p9R1vkcGz6gDIrOMT3oGuYwX2WRMYI9ipkphSuE5XKEhydbhNEJh4NY9mlw==}

  wkt-parser@1.5.6:
    resolution: {integrity: sha512-cqHU3lzGt/gt2OqIORP0uVy5yeOX43WABmgFkmJsmcqH3HhQo9PiJG6ftytwGKmpQUbegeX7+pQc2BuNCRfcrw==}

  xml-utils@1.10.2:
    resolution: {integrity: sha512-RqM+2o1RYs6T8+3DzDSoTRAUfrvaejbVHcp3+thnAtDKo8LskR+HomLajEy5UjTz24rpka7AxVBRR3g2wTUkJA==}

  zod@4.4.3:
    resolution: {integrity: sha512-ytENFjIJFl2UwYglde2jchW2Hwm4GJFLDiSXWdTrJQBIN9Fcyp7n4DhxJEiWNAJMV1/BqWfW/kkg71UDcHJyTQ==}

  zstddec@0.2.0:
    resolution: {integrity: sha512-oyPnDa1X5c13+Y7mA/FDMNJrn4S8UNBe0KCqtDmor40Re7ALrPN6npFwyYVRRh+PqozZQdeg23QtbcamZnG5rA==}

snapshots:

  '@azohra/meteo.briefing@0.4.0':
    dependencies:
      '@azohra/meteo.core': 0.1.1
      zod: 4.4.3

  '@azohra/meteo.core@0.1.1':
    dependencies:
      zod: 4.4.3

  '@azohra/meteo.forecast@0.3.1':
    dependencies:
      '@azohra/meteo.briefing': 0.4.0
      '@azohra/meteo.grib': 0.1.3
      ajv: 8.20.0
      aws4fetch: 1.0.20
      geotiff: 3.0.5
      h5wasm: 0.10.3
      proj4: 2.21.0(geotiff@3.0.5)

  '@azohra/meteo.grib@0.1.3':
    dependencies:
      '@azohra/meteo.j2k': 0.1.1
      '@cornerstonejs/codec-openjpeg': 1.3.1

  '@azohra/meteo.j2k@0.1.1': {}

  '@cornerstonejs/codec-openjpeg@1.3.1': {}

  '@petamoriken/float16@3.9.3': {}

  ajv@8.20.0:
    dependencies:
      fast-deep-equal: 3.1.3
      fast-uri: 3.1.5
      json-schema-traverse: 1.0.0
      require-from-string: 2.0.2

  aws4fetch@1.0.20: {}

  fast-deep-equal@3.1.3: {}

  fast-uri@3.1.5: {}

  geotiff@3.0.5:
    dependencies:
      '@petamoriken/float16': 3.9.3
      lerc: 3.0.0
      pako: 2.2.0
      parse-headers: 2.0.6
      quick-lru: 6.1.2
      web-worker: 1.5.0
      xml-utils: 1.10.2
      zstddec: 0.2.0

  h5wasm@0.10.3: {}

  json-schema-traverse@1.0.0: {}

  lerc@3.0.0: {}

  mgrs@1.0.0: {}

  pako@2.2.0: {}

  parse-headers@2.0.6: {}

  proj4@2.21.0(geotiff@3.0.5):
    dependencies:
      mgrs: 1.0.0
      wkt-parser: 1.5.6
    optionalDependencies:
      geotiff: 3.0.5

  quick-lru@6.1.2: {}

  require-from-string@2.0.2: {}

  web-worker@1.5.0: {}

  wkt-parser@1.5.6: {}

  xml-utils@1.10.2: {}

  zod@4.4.3: {}

  zstddec@0.2.0: {}
